
Microsoft Visual Studio Solution File, Format Version 12.00
# Visual Studio Version 16
VisualStudioVersion = 16.0.30413.136
MinimumVisualStudioVersion = 10.0.40219.1
Project("{FAE04EC0-301F-11D3-BF4B-00C04F79EFBC}") = "quanlythuvien", "quanlythuvien\quanlythuvien.csproj", "{763F4E04-6B16-4AF4-BA67-6B20985D5F06}"
EndProject
Project("{FAE04EC0-301F-11D3-BF4B-00C04F79EFBC}") = "Models", "Models\Models.csproj", "{DA412CC5-B57D-4D74-94AF-534C4BA5FF1B}"
EndProject
Project("{2150E333-8FDC-42A3-9474-1A3956D46DE8}") = "Solution Items", "Solution Items", "{D0826161-E2E9-4CAC-8222-C719B4626D0A}"
	ProjectSection(SolutionItems) = preProject
		.editorconfig = .editorconfig
	EndProjectSection
EndProject
Global
	GlobalSection(SolutionConfigurationPlatforms) = preSolution
		Debug|Any CPU = Debug|Any CPU
		Release|Any CPU = Release|Any CPU
	EndGlobalSection
	GlobalSection(ProjectConfigurationPlatforms) = postSolution
		{763F4E04-6B16-4AF4-BA67-6B20985D5F06}.Debug|Any CPU.ActiveCfg = Debug|Any CPU
		{763F4E04-6B16-4AF4-BA67-6B20985D5F06}.Debug|Any CPU.Build.0 = Debug|Any CPU
		{763F4E04-6B16-4AF4-BA67-6B20985D5F06}.Release|Any CPU.ActiveCfg = Release|Any CPU
		{763F4E04-6B16-4AF4-BA67-6B20985D5F06}.Release|Any CPU.Build.0 = Release|Any CPU
		{DA412CC5-B57D-4D74-94AF-534C4BA5FF1B}.Debug|Any CPU.ActiveCfg = Debug|Any CPU
		{DA412CC5-B57D-4D74-94AF-534C4BA5FF1B}.Debug|Any CPU.Build.0 = Debug|Any CPU
		{DA412CC5-B57D-4D74-94AF-534C4BA5FF1B}.Release|Any CPU.ActiveCfg = Release|Any CPU
		{DA412CC5-B57D-4D74-94AF-534C4BA5FF1B}.Release|Any CPU.Build.0 = Release|Any CPU
	EndGlobalSection
	GlobalSection(SolutionProperties) = preSolution
		HideSolutionNode = FALSE
	EndGlobalSection
	GlobalSection(ExtensibilityGlobals) = postSolution
		SolutionGuid = {FDF28C65-FD62-4640-914B-D43F45EF6078}
	EndGlobalSection
EndGlobal
